// !$*UTF8*$!
{
	archiveVersion = 1;
	classes = {
	};
	objectVersion = 77;
	objects = {

/* Begin PBXContainerItemProxy section */
		C505293B2D20576100049AE7 /* PBXContainerItemProxy */ = {
			isa = PBXContainerItemProxy;
			containerPortal = C505291D2D20576000049AE7 /* Project object */;
			proxyType = 1;
			remoteGlobalIDString = C50529242D20576000049AE7;
			remoteInfo = "Nautical Math Helper";
		};
		C50529452D20576200049AE7 /* PBXContainerItemProxy */ = {
			isa = PBXContainerItemProxy;
			containerPortal = C505291D2D20576000049AE7 /* Project object */;
			proxyType = 1;
			remoteGlobalIDString = C50529242D20576000049AE7;
			remoteInfo = "Nautical Math Helper";
		};
/* End PBXContainerItemProxy section */

/* Begin PBXFileReference section */
		C50529252D20576000049AE7 /* Nautical Dog Math Helper.app */ = {isa = PBXFileReference; explicitFileType = wrapper.application; includeInIndex = 0; path = "Nautical Dog Math Helper.app"; sourceTree = BUILT_PRODUCTS_DIR; };
		C505293A2D20576100049AE7 /* Nautical Dog Math HelperTests.xctest */ = {isa = PBXFileReference; explicitFileType = wrapper.cfbundle; includeInIndex = 0; path = "Nautical Dog Math HelperTests.xctest"; sourceTree = BUILT_PRODUCTS_DIR; };
		C50529442D20576200049AE7 /* Nautical Dog Math HelperUITests.xctest */ = {isa = PBXFileReference; explicitFileType = wrapper.cfbundle; includeInIndex = 0; path = "Nautical Dog Math HelperUITests.xctest"; sourceTree = BUILT_PRODUCTS_DIR; };
/* End PBXFileReference section */

/* Begin PBXFileSystemSynchronizedRootGroup section */
		C50529272D20576000049AE7 /* Nautical Dog Math Helper */ = {
			isa = PBXFileSystemSynchronizedRootGroup;
			path = "Nautical Dog Math Helper";
			sourceTree = "<group>";
		};
		C505293D2D20576100049AE7 /* Nautical Dog Math HelperTests */ = {
			isa = PBXFileSystemSynchronizedRootGroup;
			path = "Nautical Dog Math HelperTests";
			sourceTree = "<group>";
		};
		C50529472D20576200049AE7 /* Nautical Dog Math HelperUITests */ = {
			isa = PBXFileSystemSynchronizedRootGroup;
			path = "Nautical Dog Math HelperUITests";
			sourceTree = "<group>";
		};
/* End PBXFileSystemSynchronizedRootGroup section */

/* Begin PBXFrameworksBuildPhase section */
		C50529222D20576000049AE7 /* Frameworks */ = {
			isa = PBXFrameworksBuildPhase;
			buildActionMask = 2147483647;
			files = (
			);
			runOnlyForDeploymentPostprocessing = 0;
		};
		C50529372D20576100049AE7 /* Frameworks */ = {
			isa = PBXFrameworksBuildPhase;
			buildActionMask = 2147483647;
			files = (
			);
			runOnlyForDeploymentPostprocessing = 0;
		};
		C50529412D20576200049AE7 /* Frameworks */ = {
			isa = PBXFrameworksBuildPhase;
			buildActionMask = 2147483647;
			files = (
			);
			runOnlyForDeploymentPostprocessing = 0;
		};
/* End PBXFrameworksBuildPhase section */

/* Begin PBXGroup section */
		C505291C2D20576000049AE7 = {
			isa = PBXGroup;
			children = (
				C50529272D20576000049AE7 /* Nautical Dog Math Helper */,
				C505293D2D20576100049AE7 /* Nautical Dog Math HelperTests */,
				C50529472D20576200049AE7 /* Nautical Dog Math HelperUITests */,
				C50529262D20576000049AE7 /* Products */,
			);
			sourceTree = "<group>";
		};
		C50529262D20576000049AE7 /* Products */ = {
			isa = PBXGroup;
			children = (
				C50529252D20576000049AE7 /* Nautical Dog Math Helper.app */,
				C505293A2D20576100049AE7 /* Nautical Dog Math HelperTests.xctest */,
				C50529442D20576200049AE7 /* Nautical Dog Math HelperUITests.xctest */,
			);
			name = Products;
			sourceTree = "<group>";
		};
/* End PBXGroup section */

/* Begin PBXNativeTarget section */
		C50529242D20576000049AE7 /* Nautical Dog Math Helper */ = {
			isa = PBXNativeTarget;
			buildConfigurationList = C505294E2D20576200049AE7 /* Build configuration list for PBXNativeTarget "Nautical Dog Math Helper" */;
			buildPhases = (
				C50529212D20576000049AE7 /* Sources */,
				C50529222D20576000049AE7 /* Frameworks */,
				C50529232D20576000049AE7 /* Resources */,
			);
			buildRules = (
			);
			dependencies = (
			);
			fileSystemSynchronizedGroups = (
				C50529272D20576000049AE7 /* Nautical Dog Math Helper */,
			);
			name = "Nautical Dog Math Helper";
			packageProductDependencies = (
			);
			productName = "Nautical Math Helper";
			productReference = C50529252D20576000049AE7 /* Nautical Dog Math Helper.app */;
			productType = "com.apple.product-type.application";
		};
		C50529392D20576100049AE7 /* Nautical Dog Math HelperTests */ = {
			isa = PBXNativeTarget;
			buildConfigurationList = C50529512D20576200049AE7 /* Build configuration list for PBXNativeTarget "Nautical Dog Math HelperTests" */;
			buildPhases = (
				C50529362D20576100049AE7 /* Sources */,
				C50529372D20576100049AE7 /* Frameworks */,
				C50529382D20576100049AE7 /* Resources */,
			);
			buildRules = (
			);
			dependencies = (
				C505293C2D20576100049AE7 /* PBXTargetDependency */,
			);
			fileSystemSynchronizedGroups = (
				C505293D2D20576100049AE7 /* Nautical Dog Math HelperTests */,
			);
			name = "Nautical Dog Math HelperTests";
			packageProductDependencies = (
			);
			productName = "Nautical Math HelperTests";
			productReference = C505293A2D20576100049AE7 /* Nautical Dog Math HelperTests.xctest */;
			productType = "com.apple.product-type.bundle.unit-test";
		};
		C50529432D20576200049AE7 /* Nautical Dog Math HelperUITests */ = {
			isa = PBXNativeTarget;
			buildConfigurationList = C50529542D20576200049AE7 /* Build configuration list for PBXNativeTarget "Nautical Dog Math HelperUITests" */;
			buildPhases = (
				C50529402D20576200049AE7 /* Sources */,
				C50529412D20576200049AE7 /* Frameworks */,
				C50529422D20576200049AE7 /* Resources */,
			);
			buildRules = (
			);
			dependencies = (
				C50529462D20576200049AE7 /* PBXTargetDependency */,
			);
			fileSystemSynchronizedGroups = (
				C50529472D20576200049AE7 /* Nautical Dog Math HelperUITests */,
			);
			name = "Nautical Dog Math HelperUITests";
			packageProductDependencies = (
			);
			productName = "Nautical Math HelperUITests";
			productReference = C50529442D20576200049AE7 /* Nautical Dog Math HelperUITests.xctest */;
			productType = "com.apple.product-type.bundle.ui-testing";
		};
/* End PBXNativeTarget section */

/* Begin PBXProject section */
		C505291D2D20576000049AE7 /* Project object */ = {
			isa = PBXProject;
			attributes = {
				BuildIndependentTargetsInParallel = 1;
				LastSwiftUpdateCheck = 1620;
				LastUpgradeCheck = 1630;
				TargetAttributes = {
					C50529242D20576000049AE7 = {
						CreatedOnToolsVersion = 16.2;
					};
					C50529392D20576100049AE7 = {
						CreatedOnToolsVersion = 16.2;
						TestTargetID = C50529242D20576000049AE7;
					};
					C50529432D20576200049AE7 = {
						CreatedOnToolsVersion = 16.2;
						TestTargetID = C50529242D20576000049AE7;
					};
				};
			};
			buildConfigurationList = C50529202D20576000049AE7 /* Build configuration list for PBXProject "Nautical Dog Math Helper" */;
			developmentRegion = en;
			hasScannedForEncodings = 0;
			knownRegions = (
				en,
				Base,
			);
			mainGroup = C505291C2D20576000049AE7;
			minimizedProjectReferenceProxies = 1;
			preferredProjectObjectVersion = 77;
			productRefGroup = C50529262D20576000049AE7 /* Products */;
			projectDirPath = "";
			projectRoot = "";
			targets = (
				C50529242D20576000049AE7 /* Nautical Dog Math Helper */,
				C50529392D20576100049AE7 /* Nautical Dog Math HelperTests */,
				C50529432D20576200049AE7 /* Nautical Dog Math HelperUITests */,
			);
		};
/* End PBXProject section */

/* Begin PBXResourcesBuildPhase section */
		C50529232D20576000049AE7 /* Resources */ = {
			isa = PBXResourcesBuildPhase;
			buildActionMask = 2147483647;
			files = (
			);
			runOnlyForDeploymentPostprocessing = 0;
		};
		C50529382D20576100049AE7 /* Resources */ = {
			isa = PBXResourcesBuildPhase;
			buildActionMask = 2147483647;
			files = (
			);
			runOnlyForDeploymentPostprocessing = 0;
		};
		C50529422D20576200049AE7 /* Resources */ = {
			isa = PBXResourcesBuildPhase;
			buildActionMask = 2147483647;
			files = (
			);
			runOnlyForDeploymentPostprocessing = 0;
		};
/* End PBXResourcesBuildPhase section */

/* Begin PBXSourcesBuildPhase section */
		C50529212D20576000049AE7 /* Sources */ = {
			isa = PBXSourcesBuildPhase;
			buildActionMask = 2147483647;
			files = (
			);
			runOnlyForDeploymentPostprocessing = 0;
		};
		C50529362D20576100049AE7 /* Sources */ = {
			isa = PBXSourcesBuildPhase;
			buildActionMask = 2147483647;
			files = (
			);
			runOnlyForDeploymentPostprocessing = 0;
		};
		C50529402D20576200049AE7 /* Sources */ = {
			isa = PBXSourcesBuildPhase;
			buildActionMask = 2147483647;
			files = (
			);
			runOnlyForDeploymentPostprocessing = 0;
		};
/* End PBXSourcesBuildPhase section */

/* Begin PBXTargetDependency section */
		C505293C2D20576100049AE7 /* PBXTargetDependency */ = {
			isa = PBXTargetDependency;
			target = C50529242D20576000049AE7 /* Nautical Dog Math Helper */;
			targetProxy = C505293B2D20576100049AE7 /* PBXContainerItemProxy */;
		};
		C50529462D20576200049AE7 /* PBXTargetDependency */ = {
			isa = PBXTargetDependency;
			target = C50529242D20576000049AE7 /* Nautical Dog Math Helper */;
			targetProxy = C50529452D20576200049AE7 /* PBXContainerItemProxy */;
		};
/* End PBXTargetDependency section */

/* Begin XCBuildConfiguration section */
		C505294C2D20576200049AE7 /* Debug */ = {
			isa = XCBuildConfiguration;
			buildSettings = {
				ALWAYS_SEARCH_USER_PATHS = NO;
				ASSETCATALOG_COMPILER_GENERATE_SWIFT_ASSET_SYMBOL_EXTENSIONS = YES;
				CLANG_ANALYZER_NONNULL = YES;
				CLANG_ANALYZER_NUMBER_OBJECT_CONVERSION = YES_AGGRESSIVE;
				CLANG_CXX_LANGUAGE_STANDARD = "gnu++20";
				CLANG_ENABLE_MODULES = YES;
				CLANG_ENABLE_OBJC_ARC = YES;
				CLANG_ENABLE_OBJC_WEAK = YES;
				CLANG_WARN_BLOCK_CAPTURE_AUTORELEASING = YES;
				CLANG_WARN_BOOL_CONVERSION = YES;
				CLANG_WARN_COMMA = YES;
				CLANG_WARN_CONSTANT_CONVERSION = YES;
				CLANG_WARN_DEPRECATED_OBJC_IMPLEMENTATIONS = YES;
				CLANG_WARN_DIRECT_OBJC_ISA_USAGE = YES_ERROR;
				CLANG_WARN_DOCUMENTATION_COMMENTS = YES;
				CLANG_WARN_EMPTY_BODY = YES;
				CLANG_WARN_ENUM_CONVERSION = YES;
				CLANG_WARN_INFINITE_RECURSION = YES;
				CLANG_WARN_INT_CONVERSION = YES;
				CLANG_WARN_NON_LITERAL_NULL_CONVERSION = YES;
				CLANG_WARN_OBJC_IMPLICIT_RETAIN_SELF = YES;
				CLANG_WARN_OBJC_LITERAL_CONVERSION = YES;
				CLANG_WARN_OBJC_ROOT_CLASS = YES_ERROR;
				CLANG_WARN_QUOTED_INCLUDE_IN_FRAMEWORK_HEADER = YES;
				CLANG_WARN_RANGE_LOOP_ANALYSIS = YES;
				CLANG_WARN_STRICT_PROTOTYPES = YES;
				CLANG_WARN_SUSPICIOUS_MOVE = YES;
				CLANG_WARN_UNGUARDED_AVAILABILITY = YES_AGGRESSIVE;
				CLANG_WARN_UNREACHABLE_CODE = YES;
				CLANG_WARN__DUPLICATE_METHOD_MATCH = YES;
				COPY_PHASE_STRIP = NO;
				DEBUG_INFORMATION_FORMAT = dwarf;
				DEVELOPMENT_TEAM = DVQJLN46HB;
				ENABLE_STRICT_OBJC_MSGSEND = YES;
				ENABLE_TESTABILITY = YES;
				ENABLE_USER_SCRIPT_SANDBOXING = YES;
				GCC_C_LANGUAGE_STANDARD = gnu17;
				GCC_DYNAMIC_NO_PIC = NO;
				GCC_NO_COMMON_BLOCKS = YES;
				GCC_OPTIMIZATION_LEVEL = 0;
				GCC_PREPROCESSOR_DEFINITIONS = (
					"DEBUG=1",
					"$(inherited)",
				);
				GCC_WARN_64_TO_32_BIT_CONVERSION = YES;
				GCC_WARN_ABOUT_RETURN_TYPE = YES_ERROR;
				GCC_WARN_UNDECLARED_SELECTOR = YES;
				GCC_WARN_UNINITIALIZED_AUTOS = YES_AGGRESSIVE;
				GCC_WARN_UNUSED_FUNCTION = YES;
				GCC_WARN_UNUSED_VARIABLE = YES;
				IPHONEOS_DEPLOYMENT_TARGET = 18.2;
				LOCALIZATION_PREFERS_STRING_CATALOGS = YES;
				MTL_ENABLE_DEBUG_INFO = INCLUDE_SOURCE;
				MTL_FAST_MATH = YES;
				ONLY_ACTIVE_ARCH = YES;
				SDKROOT = iphoneos;
				SWIFT_ACTIVE_COMPILATION_CONDITIONS = "DEBUG $(inherited)";
				SWIFT_OPTIMIZATION_LEVEL = "-Onone";
			};
			name = Debug;
		};
		C505294D2D20576200049AE7 /* Release */ = {
			isa = XCBuildConfiguration;
			buildSettings = {
				ALWAYS_SEARCH_USER_PATHS = NO;
				ASSETCATALOG_COMPILER_GENERATE_SWIFT_ASSET_SYMBOL_EXTENSIONS = YES;
				CLANG_ANALYZER_NONNULL = YES;
				CLANG_ANALYZER_NUMBER_OBJECT_CONVERSION = YES_AGGRESSIVE;
				CLANG_CXX_LANGUAGE_STANDARD = "gnu++20";
				CLANG_ENABLE_MODULES = YES;
				CLANG_ENABLE_OBJC_ARC = YES;
				CLANG_ENABLE_OBJC_WEAK = YES;
				CLANG_WARN_BLOCK_CAPTURE_AUTORELEASING = YES;
				CLANG_WARN_BOOL_CONVERSION = YES;
				CLANG_WARN_COMMA = YES;
				CLANG_WARN_CONSTANT_CONVERSION = YES;
				CLANG_WARN_DEPRECATED_OBJC_IMPLEMENTATIONS = YES;
				CLANG_WARN_DIRECT_OBJC_ISA_USAGE = YES_ERROR;
				CLANG_WARN_DOCUMENTATION_COMMENTS = YES;
				CLANG_WARN_EMPTY_BODY = YES;
				CLANG_WARN_ENUM_CONVERSION = YES;
				CLANG_WARN_INFINITE_RECURSION = YES;
				CLANG_WARN_INT_CONVERSION = YES;
				CLANG_WARN_NON_LITERAL_NULL_CONVERSION = YES;
				CLANG_WARN_OBJC_IMPLICIT_RETAIN_SELF = YES;
				CLANG_WARN_OBJC_LITERAL_CONVERSION = YES;
				CLANG_WARN_OBJC_ROOT_CLASS = YES_ERROR;
				CLANG_WARN_QUOTED_INCLUDE_IN_FRAMEWORK_HEADER = YES;
				CLANG_WARN_RANGE_LOOP_ANALYSIS = YES;
				CLANG_WARN_STRICT_PROTOTYPES = YES;
				CLANG_WARN_SUSPICIOUS_MOVE = YES;
				CLANG_WARN_UNGUARDED_AVAILABILITY = YES_AGGRESSIVE;
				CLANG_WARN_UNREACHABLE_CODE = YES;
				CLANG_WARN__DUPLICATE_METHOD_MATCH = YES;
				COPY_PHASE_STRIP = NO;
				DEBUG_INFORMATION_FORMAT = "dwarf-with-dsym";
				DEVELOPMENT_TEAM = DVQJLN46HB;
				ENABLE_NS_ASSERTIONS = NO;
				ENABLE_STRICT_OBJC_MSGSEND = YES;
				ENABLE_USER_SCRIPT_SANDBOXING = YES;
				GCC_C_LANGUAGE_STANDARD = gnu17;
				GCC_NO_COMMON_BLOCKS = YES;
				GCC_WARN_64_TO_32_BIT_CONVERSION = YES;
				GCC_WARN_ABOUT_RETURN_TYPE = YES_ERROR;
				GCC_WARN_UNDECLARED_SELECTOR = YES;
				GCC_WARN_UNINITIALIZED_AUTOS = YES_AGGRESSIVE;
				GCC_WARN_UNUSED_FUNCTION = YES;
				GCC_WARN_UNUSED_VARIABLE = YES;
				IPHONEOS_DEPLOYMENT_TARGET = 18.2;
				LOCALIZATION_PREFERS_STRING_CATALOGS = YES;
				MTL_ENABLE_DEBUG_INFO = NO;
				MTL_FAST_MATH = YES;
				SDKROOT = iphoneos;
				SWIFT_COMPILATION_MODE = wholemodule;
				VALIDATE_PRODUCT = YES;
			};
			name = Release;
		};
		C505294F2D20576200049AE7 /* Debug */ = {
			isa = XCBuildConfiguration;
			buildSettings = {
				ASSETCATALOG_COMPILER_APPICON_NAME = AppIcon;
				ASSETCATALOG_COMPILER_GLOBAL_ACCENT_COLOR_NAME = AccentColor;
				ASSETCATALOG_COMPILER_INCLUDE_ALL_APPICON_ASSETS = YES;
				CODE_SIGN_STYLE = Automatic;
				CURRENT_PROJECT_VERSION = 2;
				DEVELOPMENT_ASSET_PATHS = /Users/jillrussell/Documents;
				ENABLE_PREVIEWS = YES;
				"FRAMEWORK_SEARCH_PATHS[arch=*]" = "$(SRCROOT)";
				GENERATE_INFOPLIST_FILE = YES;
				INFOPLIST_KEY_CFBundleDisplayName = "Nautical Dog";
				INFOPLIST_KEY_LSApplicationCategoryType = "public.app-category.utilities";
				INFOPLIST_KEY_UIApplicationSceneManifest_Generation = YES;
				INFOPLIST_KEY_UIApplicationSupportsIndirectInputEvents = YES;
				INFOPLIST_KEY_UILaunchScreen_Generation = YES;
				INFOPLIST_KEY_UISupportedInterfaceOrientations = UIInterfaceOrientationPortrait;
				INFOPLIST_KEY_UISupportedInterfaceOrientations_iPad = "UIInterfaceOrientationLandscapeLeft UIInterfaceOrientationLandscapeRight UIInterfaceOrientationPortrait UIInterfaceOrientationPortraitUpsideDown";
				LD_RUNPATH_SEARCH_PATHS = (
					"$(inherited)",
					"@executable_path/Frameworks",
				);
				MARKETING_VERSION = 4;
				PRODUCT_BUNDLE_IDENTIFIER = "com.JillRussell.Nautical-Dog-Math-Helper";
				PRODUCT_NAME = "$(TARGET_NAME)";
				SWIFT_EMIT_LOC_STRINGS = YES;
				SWIFT_VERSION = 5.0;
				TARGETED_DEVICE_FAMILY = "1,2";
			};
			name = Debug;
		};
		C50529502D20576200049AE7 /* Release */ = {
			isa = XCBuildConfiguration;
			buildSettings = {
				ASSETCATALOG_COMPILER_APPICON_NAME = AppIcon;
				ASSETCATALOG_COMPILER_GLOBAL_ACCENT_COLOR_NAME = AccentColor;
				ASSETCATALOG_COMPILER_INCLUDE_ALL_APPICON_ASSETS = YES;
				CODE_SIGN_STYLE = Automatic;
				CURRENT_PROJECT_VERSION = 2;
				DEVELOPMENT_ASSET_PATHS = /Users/jillrussell/Documents;
				ENABLE_PREVIEWS = YES;
				GENERATE_INFOPLIST_FILE = YES;
				INFOPLIST_KEY_CFBundleDisplayName = "Nautical Dog";
				INFOPLIST_KEY_LSApplicationCategoryType = "public.app-category.utilities";
				INFOPLIST_KEY_UIApplicationSceneManifest_Generation = YES;
				INFOPLIST_KEY_UIApplicationSupportsIndirectInputEvents = YES;
				INFOPLIST_KEY_UILaunchScreen_Generation = YES;
				INFOPLIST_KEY_UISupportedInterfaceOrientations = UIInterfaceOrientationPortrait;
				INFOPLIST_KEY_UISupportedInterfaceOrientations_iPad = "UIInterfaceOrientationLandscapeLeft UIInterfaceOrientationLandscapeRight UIInterfaceOrientationPortrait UIInterfaceOrientationPortraitUpsideDown";
				LD_RUNPATH_SEARCH_PATHS = (
					"$(inherited)",
					"@executable_path/Frameworks",
				);
				MARKETING_VERSION = 4;
				PRODUCT_BUNDLE_IDENTIFIER = "com.JillRussell.Nautical-Dog-Math-Helper";
				PRODUCT_NAME = "$(TARGET_NAME)";
				SWIFT_EMIT_LOC_STRINGS = YES;
				SWIFT_VERSION = 5.0;
				TARGETED_DEVICE_FAMILY = "1,2";
			};
			name = Release;
		};
		C50529522D20576200049AE7 /* Debug */ = {
			isa = XCBuildConfiguration;
			buildSettings = {
				BUNDLE_LOADER = "$(TEST_HOST)";
				CODE_SIGN_STYLE = Automatic;
				CURRENT_PROJECT_VERSION = 1;
				GENERATE_INFOPLIST_FILE = YES;
				IPHONEOS_DEPLOYMENT_TARGET = 18.2;
				MARKETING_VERSION = 1.0;
				PRODUCT_BUNDLE_IDENTIFIER = "com.JillRussell.seapatr.Nautical-Math-HelperTests";
				PRODUCT_NAME = "$(TARGET_NAME)";
				SWIFT_EMIT_LOC_STRINGS = NO;
				SWIFT_VERSION = 5.0;
				TARGETED_DEVICE_FAMILY = "1,2";
				TEST_HOST = "$(BUILT_PRODUCTS_DIR)/Nautical Dog Math Helper.app/$(BUNDLE_EXECUTABLE_FOLDER_PATH)/Nautical Dog Math Helper";
			};
			name = Debug;
		};
		C50529532D20576200049AE7 /* Release */ = {
			isa = XCBuildConfiguration;
			buildSettings = {
				BUNDLE_LOADER = "$(TEST_HOST)";
				CODE_SIGN_STYLE = Automatic;
				CURRENT_PROJECT_VERSION = 1;
				GENERATE_INFOPLIST_FILE = YES;
				IPHONEOS_DEPLOYMENT_TARGET = 18.2;
				MARKETING_VERSION = 1.0;
				PRODUCT_BUNDLE_IDENTIFIER = "com.JillRussell.seapatr.Nautical-Math-HelperTests";
				PRODUCT_NAME = "$(TARGET_NAME)";
				SWIFT_EMIT_LOC_STRINGS = NO;
				SWIFT_VERSION = 5.0;
				TARGETED_DEVICE_FAMILY = "1,2";
				TEST_HOST = "$(BUILT_PRODUCTS_DIR)/Nautical Dog Math Helper.app/$(BUNDLE_EXECUTABLE_FOLDER_PATH)/Nautical Dog Math Helper";
			};
			name = Release;
		};
		C50529552D20576200049AE7 /* Debug */ = {
			isa = XCBuildConfiguration;
			buildSettings = {
				CODE_SIGN_STYLE = Automatic;
				CURRENT_PROJECT_VERSION = 1;
				GENERATE_INFOPLIST_FILE = YES;
				MARKETING_VERSION = 1.0;
				PRODUCT_BUNDLE_IDENTIFIER = "com.JillRussell.seapatr.Nautical-Math-HelperUITests";
				PRODUCT_NAME = "$(TARGET_NAME)";
				SWIFT_EMIT_LOC_STRINGS = NO;
				SWIFT_VERSION = 5.0;
				TARGETED_DEVICE_FAMILY = "1,2";
				TEST_TARGET_NAME = "Nautical Math Helper";
			};
			name = Debug;
		};
		C50529562D20576200049AE7 /* Release */ = {
			isa = XCBuildConfiguration;
			buildSettings = {
				CODE_SIGN_STYLE = Automatic;
				CURRENT_PROJECT_VERSION = 1;
				GENERATE_INFOPLIST_FILE = YES;
				MARKETING_VERSION = 1.0;
				PRODUCT_BUNDLE_IDENTIFIER = "com.JillRussell.seapatr.Nautical-Math-HelperUITests";
				PRODUCT_NAME = "$(TARGET_NAME)";
				SWIFT_EMIT_LOC_STRINGS = NO;
				SWIFT_VERSION = 5.0;
				TARGETED_DEVICE_FAMILY = "1,2";
				TEST_TARGET_NAME = "Nautical Math Helper";
			};
			name = Release;
		};
/* End XCBuildConfiguration section */

/* Begin XCConfigurationList section */
		C50529202D20576000049AE7 /* Build configuration list for PBXProject "Nautical Dog Math Helper" */ = {
			isa = XCConfigurationList;
			buildConfigurations = (
				C505294C2D20576200049AE7 /* Debug */,
				C505294D2D20576200049AE7 /* Release */,
			);
			defaultConfigurationIsVisible = 0;
			defaultConfigurationName = Release;
		};
		C505294E2D20576200049AE7 /* Build configuration list for PBXNativeTarget "Nautical Dog Math Helper" */ = {
			isa = XCConfigurationList;
			buildConfigurations = (
				C505294F2D20576200049AE7 /* Debug */,
				C50529502D20576200049AE7 /* Release */,
			);
			defaultConfigurationIsVisible = 0;
			defaultConfigurationName = Release;
		};
		C50529512D20576200049AE7 /* Build configuration list for PBXNativeTarget "Nautical Dog Math HelperTests" */ = {
			isa = XCConfigurationList;
			buildConfigurations = (
				C50529522D20576200049AE7 /* Debug */,
				C50529532D20576200049AE7 /* Release */,
			);
			defaultConfigurationIsVisible = 0;
			defaultConfigurationName = Release;
		};
		C50529542D20576200049AE7 /* Build configuration list for PBXNativeTarget "Nautical Dog Math HelperUITests" */ = {
			isa = XCConfigurationList;
			buildConfigurations = (
				C50529552D20576200049AE7 /* Debug */,
				C50529562D20576200049AE7 /* Release */,
			);
			defaultConfigurationIsVisible = 0;
			defaultConfigurationName = Release;
		};
/* End XCConfigurationList section */
	};
	rootObject = C505291D2D20576000049AE7 /* Project object */;
}
